
Microsoft Visual Studio Solution File, Format Version 12.00
# Visual Studio 2013
VisualStudioVersion = 12.0.31101.0
MinimumVisualStudioVersion = 10.0.40219.1
Project("{FAE04EC0-301F-11D3-BF4B-00C04F79EFBC}") = "PdfDemo", "PdfDemo\PdfDemo.csproj", "{67C64285-0E51-438F-AE92-EBA3118051A4}"
EndProject
Project("{2150E333-8FDC-42A3-9474-1A3956D46DE8}") = ".nuget", ".nuget", "{D8AF26B2-E037-4085-B1B7-8C31648123DA}"
	ProjectSection(SolutionItems) = preProject
		.nuget\NuGet.Config = .nuget\NuGet.Config
		.nuget\NuGet.exe = .nuget\NuGet.exe
		.nuget\NuGet.targets = .nuget\NuGet.targets
	EndProjectSection
EndProject
Global
	GlobalSection(SolutionConfigurationPlatforms) = preSolution
		Debug|Any CPU = Debug|Any CPU
		Release|Any CPU = Release|Any CPU
	EndGlobalSection
	GlobalSection(ProjectConfigurationPlatforms) = postSolution
		{67C64285-0E51-438F-AE92-EBA3118051A4}.Debug|Any CPU.ActiveCfg = Debug|Any CPU
		{67C64285-0E51-438F-AE92-EBA3118051A4}.Debug|Any CPU.Build.0 = Debug|Any CPU
		{67C64285-0E51-438F-AE92-EBA3118051A4}.Release|Any CPU.ActiveCfg = Release|Any CPU
		{67C64285-0E51-438F-AE92-EBA3118051A4}.Release|Any CPU.Build.0 = Release|Any CPU
	EndGlobalSection
	GlobalSection(SolutionProperties) = preSolution
		HideSolutionNode = FALSE
	EndGlobalSection
EndGlobal
